
Microsoft Visual Studio Solution File, Format Version 12.00
# Visual Studio Version 16
VisualStudioVersion = 16.0.31313.79
MinimumVisualStudioVersion = 10.0.40219.1
Project("{FAE04EC0-301F-11D3-BF4B-00C04F79EFBC}") = "lastMinuteTest", "lastMinuteTest\lastMinuteTest.csproj", "{224799FD-5CEF-43DF-ADF8-3C5C997788DB}"
EndProject
Global
	GlobalSection(SolutionConfigurationPlatforms) = preSolution
		Debug|Any CPU = Debug|Any CPU
		Release|Any CPU = Release|Any CPU
	EndGlobalSection
	GlobalSection(ProjectConfigurationPlatforms) = postSolution
		{224799FD-5CEF-43DF-ADF8-3C5C997788DB}.Debug|Any CPU.ActiveCfg = Debug|Any CPU
		{224799FD-5CEF-43DF-ADF8-3C5C997788DB}.Debug|Any CPU.Build.0 = Debug|Any CPU
		{224799FD-5CEF-43DF-ADF8-3C5C997788DB}.Release|Any CPU.ActiveCfg = Release|Any CPU
		{224799FD-5CEF-43DF-ADF8-3C5C997788DB}.Release|Any CPU.Build.0 = Release|Any CPU
	EndGlobalSection
	GlobalSection(SolutionProperties) = preSolution
		HideSolutionNode = FALSE
	EndGlobalSection
	GlobalSection(ExtensibilityGlobals) = postSolution
		SolutionGuid = {90CF6A17-39CF-47A2-8973-69387824FDD9}
	EndGlobalSection
EndGlobal
